
Microsoft Visual Studio Solution File, Format Version 12.00
# Visual Studio Version 17
VisualStudioVersion = 17.0.31903.59
MinimumVisualStudioVersion = 10.0.40219.1
Project("{2150E333-8FDC-42A3-9474-1A3956D46DE8}") = "src", "src", "{86F5046B-9772-41C1-8467-CBD945760E33}"
EndProject
Project("{FAE04EC0-301F-11D3-BF4B-00C04F79EFBC}") = "Scrum", "src\Scrum\Scrum.csproj", "{66555AC8-4117-4D15-9848-130E6336472F}"
EndProject
Project("{FAE04EC0-301F-11D3-BF4B-00C04F79EFBC}") = "Scrum.Tests", "src\Scrum.Tests\Scrum.Tests.csproj", "{E4629990-E3A9-4EC6-B20C-8FB3A8D80629}"
EndProject
Global
	GlobalSection(SolutionConfigurationPlatforms) = preSolution
		Debug|Any CPU = Debug|Any CPU
		Release|Any CPU = Release|Any CPU
	EndGlobalSection
	GlobalSection(SolutionProperties) = preSolution
		HideSolutionNode = FALSE
	EndGlobalSection
	GlobalSection(ProjectConfigurationPlatforms) = postSolution
		{66555AC8-4117-4D15-9848-130E6336472F}.Debug|Any CPU.ActiveCfg = Debug|Any CPU
		{66555AC8-4117-4D15-9848-130E6336472F}.Debug|Any CPU.Build.0 = Debug|Any CPU
		{66555AC8-4117-4D15-9848-130E6336472F}.Release|Any CPU.ActiveCfg = Release|Any CPU
		{66555AC8-4117-4D15-9848-130E6336472F}.Release|Any CPU.Build.0 = Release|Any CPU
		{E4629990-E3A9-4EC6-B20C-8FB3A8D80629}.Debug|Any CPU.ActiveCfg = Debug|Any CPU
		{E4629990-E3A9-4EC6-B20C-8FB3A8D80629}.Debug|Any CPU.Build.0 = Debug|Any CPU
		{E4629990-E3A9-4EC6-B20C-8FB3A8D80629}.Release|Any CPU.ActiveCfg = Release|Any CPU
		{E4629990-E3A9-4EC6-B20C-8FB3A8D80629}.Release|Any CPU.Build.0 = Release|Any CPU
	EndGlobalSection
	GlobalSection(NestedProjects) = preSolution
		{66555AC8-4117-4D15-9848-130E6336472F} = {86F5046B-9772-41C1-8467-CBD945760E33}
		{E4629990-E3A9-4EC6-B20C-8FB3A8D80629} = {86F5046B-9772-41C1-8467-CBD945760E33}
	EndGlobalSection
EndGlobal
